// !$*UTF8*$!
{
	archiveVersion = 1;
	classes = {
	};
	objectVersion = 56;
	objects = {

/* Begin PBXBuildFile section */
		000B209D55E22959DA85706C /* FamilyModel.swift in Sources */ = {isa = PBXBuildFile; fileRef = 4D9388A4A737348C75BAC995 /* FamilyModel.swift */; };
		134483C888CAD162D9BF07E6 /* UserModel.swift in Sources */ = {isa = PBXBuildFile; fileRef = 11A570454F914A9914289458 /* UserModel.swift */; };
		154B3BD6121E1643C5DB32AB /* GamificationModel.swift in Sources */ = {isa = PBXBuildFile; fileRef = 2AA2E47AF64AE3F10C2775FC /* GamificationModel.swift */; };
		17868410D3E1258BF0FD916D /* DrivingLog.swift in Sources */ = {isa = PBXBuildFile; fileRef = 7FCA4AC087071D66CBD25675 /* DrivingLog.swift */; };
		1821C0EF22230221B6817ED4 /* RemoteControlView.swift in Sources */ = {isa = PBXBuildFile; fileRef = 7B0B65CFDE1D11349508D729 /* RemoteControlView.swift */; };
		1B25C26C42AB221CD01FE5EF /* AppConstants.swift in Sources */ = {isa = PBXBuildFile; fileRef = 605BABE2E19BF49CFD65D889 /* AppConstants.swift */; };
		1D9F4525D5AFB65E8300FC54 /* LoadingView.swift in Sources */ = {isa = PBXBuildFile; fileRef = C84C9E14E9F42971AD64B08C /* LoadingView.swift */; };
		20BE55D298DAAAFE5514CE63 /* ScheduleListView.swift in Sources */ = {isa = PBXBuildFile; fileRef = AF788D76354FEDD533CBDFE9 /* ScheduleListView.swift */; };
		224396F23D575A53AA62F7FA /* OverrideRequest.swift in Sources */ = {isa = PBXBuildFile; fileRef = CE0C2728824DD9505C647FCD /* OverrideRequest.swift */; };
		2AECD0FDEFADC5808FA3EA44 /* GeofenceModel.swift in Sources */ = {isa = PBXBuildFile; fileRef = B16E0579848E245EB5087D18 /* GeofenceModel.swift */; };
		33342CACE2306147D2191A75 /* SubscriptionModel.swift in Sources */ = {isa = PBXBuildFile; fileRef = F861137D6C64648B1BA0E817 /* SubscriptionModel.swift */; };
		36BF8887D43804D82FF29743 /* Color+Theme.swift in Sources */ = {isa = PBXBuildFile; fileRef = 63BAEB83594B675367DE957F /* Color+Theme.swift */; };
		36C691CA5B3B5FF21BF7E525 /* ReportsView.swift in Sources */ = {isa = PBXBuildFile; fileRef = A2627AABF9C826333C74625F /* ReportsView.swift */; };
		3A32882B6C1D7ECCEE8B45DF /* SubscriptionService.swift in Sources */ = {isa = PBXBuildFile; fileRef = BDAB7A89E223FDE0DA856A4B /* SubscriptionService.swift */; };
		3B9001CEB0CDA944F7F1C976 /* CommandService.swift in Sources */ = {isa = PBXBuildFile; fileRef = 0E523940D9CD73EBD41CE3DF /* CommandService.swift */; };
		4059D96EE22C02BC36DBE2CF /* OverrideRequestsView.swift in Sources */ = {isa = PBXBuildFile; fileRef = 2FF765FF382E020A31995CB8 /* OverrideRequestsView.swift */; };
		44938590FC02A9E519E2C536 /* ContentView.swift in Sources */ = {isa = PBXBuildFile; fileRef = 368DA83DC8D4BBAA571F7A3A /* ContentView.swift */; };
		4A9D743338E814FD93AB5F9D /* SafeModeOverlayView.swift in Sources */ = {isa = PBXBuildFile; fileRef = 92508C460D2B9BA51C52A067 /* SafeModeOverlayView.swift */; };
		4EAB70276BD21071F866D14E /* ScheduleService.swift in Sources */ = {isa = PBXBuildFile; fileRef = 3CFB6289DD958E920A68F7F6 /* ScheduleService.swift */; };
		4FC22E501D1F1CC7AF82D505 /* GeofenceListView.swift in Sources */ = {isa = PBXBuildFile; fileRef = A583465B7B5F572E773B8C2B /* GeofenceListView.swift */; };
		50EEBBAF71DE449CE918A178 /* AuthViewModel.swift in Sources */ = {isa = PBXBuildFile; fileRef = 6B82DFC1C8095A03AC38F9C9 /* AuthViewModel.swift */; };
		588A505F6427C64293F25205 /* ChildDashboardView.swift in Sources */ = {isa = PBXBuildFile; fileRef = 6C1C332B5E27B35DEAC20984 /* ChildDashboardView.swift */; };
		5979FE43D456CB6E7EEDEC44 /* Pods_DriveArmor.framework in Frameworks */ = {isa = PBXBuildFile; fileRef = 4B87C85643CBC4A2ECCCF50B /* Pods_DriveArmor.framework */; };
		5994BD9CD889F7F12A5943EA /* Pods_DriveArmor.framework in Frameworks */ = {isa = PBXBuildFile; fileRef = 4B02745936D577297F12415A /* Pods_DriveArmor.framework */; };
		5E8EE04A8D4C686975EE1E82 /* ChildDashboardViewModel.swift in Sources */ = {isa = PBXBuildFile; fileRef = F6A2419B12FFF505724AF903 /* ChildDashboardViewModel.swift */; };
		6467AB8BD825C3EE311A049B /* GeofenceService.swift in Sources */ = {isa = PBXBuildFile; fileRef = 3B2A172754E7E47835719F13 /* GeofenceService.swift */; };
		696208B57B681872F39E8760 /* GamificationService.swift in Sources */ = {isa = PBXBuildFile; fileRef = BD1D353CB2E95F6A7100D801 /* GamificationService.swift */; };
		6B5DBC14D2459C0D345F9C4A /* DrivingDetectionService.swift in Sources */ = {isa = PBXBuildFile; fileRef = B56B61CE30C3128BFEEBB127 /* DrivingDetectionService.swift */; };
		72A78DCED6275176AAC152EA /* SettingsView.swift in Sources */ = {isa = PBXBuildFile; fileRef = 158FC2A0511C84E7A7E8268A /* SettingsView.swift */; };
		72BB2C6F78DA6036DBDA989B /* JoinFamilyView.swift in Sources */ = {isa = PBXBuildFile; fileRef = 0AC486027B3740728A1D38D0 /* JoinFamilyView.swift */; };
		7531A94FDEF961A86024EC94 /* ParentDashboardView.swift in Sources */ = {isa = PBXBuildFile; fileRef = 1F455E165EF003256B203385 /* ParentDashboardView.swift */; };
		7769F37071F1A26E3EEC704B /* BiometricService.swift in Sources */ = {isa = PBXBuildFile; fileRef = 4DF15650D86C231755D6D03E /* BiometricService.swift */; };
		77E7662873300764F093FD6B /* CommandModel.swift in Sources */ = {isa = PBXBuildFile; fileRef = A95AABE65F077A7048A0BB59 /* CommandModel.swift */; };
		7A576D8A666175E363A6F858 /* Pods_DriveArmorTests.framework in Frameworks */ = {isa = PBXBuildFile; fileRef = 38E19BC3E78337377A1D8D73 /* Pods_DriveArmorTests.framework */; };
		7B6433CE52026CC51C112DA1 /* AuthService.swift in Sources */ = {isa = PBXBuildFile; fileRef = ABF3359E0083E648C5265535 /* AuthService.swift */; };
		889FB759421F343C8050FE1A /* DeviceStatusService.swift in Sources */ = {isa = PBXBuildFile; fileRef = B368571EDCA6D92B7F393179 /* DeviceStatusService.swift */; };
		8AAE50BFFDFE705768237811 /* SafeModeService.swift in Sources */ = {isa = PBXBuildFile; fileRef = DAB1C853154064906419751E /* SafeModeService.swift */; };
		8C1459F73358CFC8D776E070 /* FamilyPairingViewModel.swift in Sources */ = {isa = PBXBuildFile; fileRef = 87679884BE07A14787CF01E0 /* FamilyPairingViewModel.swift */; };
		91D48188DC21A92A75C721CE /* Date+Formatting.swift in Sources */ = {isa = PBXBuildFile; fileRef = 28E9B1FF9E6177D10D98348D /* Date+Formatting.swift */; };
		979E07CA030F726C7D67D897 /* LoginView.swift in Sources */ = {isa = PBXBuildFile; fileRef = 35D63D4F572D7719C371203D /* LoginView.swift */; };
		9BB1A0FDEC013012D3E9EA1A /* DeviceStatus.swift in Sources */ = {isa = PBXBuildFile; fileRef = C517D5250ADEB385829BF3EE /* DeviceStatus.swift */; };
		9D74EEAF123DFB347BE1D834 /* SubscriptionView.swift in Sources */ = {isa = PBXBuildFile; fileRef = 8A019126AD5DC58B5C6AE2A5 /* SubscriptionView.swift */; };
		9E73D9DCC26F72356E80C3EB /* QRCodePairingView.swift in Sources */ = {isa = PBXBuildFile; fileRef = 8EBBAE2CA2D77BF9E06301D8 /* QRCodePairingView.swift */; };
		A0922A904D8E237C5371C4E7 /* SignUpView.swift in Sources */ = {isa = PBXBuildFile; fileRef = B20C3E1160FDF58F1E10B0B7 /* SignUpView.swift */; };
		A2A4CD749F19B11C1371CA7C /* CommandServiceTests.swift in Sources */ = {isa = PBXBuildFile; fileRef = F7E2DA11F25E63D42258643A /* CommandServiceTests.swift */; };
		A2E3DFB5960F5A7A500899D4 /* DrivingDetectionTests.swift in Sources */ = {isa = PBXBuildFile; fileRef = F7F8015AA8DFC35D779D2003 /* DrivingDetectionTests.swift */; };
		A4BE2FB594D98C3E9B9C7790 /* DriveArmorApp.swift in Sources */ = {isa = PBXBuildFile; fileRef = ACDA1A75D3F983E0A238A754 /* DriveArmorApp.swift */; };
		A688A82CBE1CF06925492F1F /* SettingsViewModel.swift in Sources */ = {isa = PBXBuildFile; fileRef = D36BCFC345F4D00A2776EC92 /* SettingsViewModel.swift */; };
		A6D55054EA14AFA248099A3A /* ErrorBanner.swift in Sources */ = {isa = PBXBuildFile; fileRef = 4897E02901E0468D9FC84518 /* ErrorBanner.swift */; };
		A729C02C88CD46A0E29EA8E4 /* ReportsViewModel.swift in Sources */ = {isa = PBXBuildFile; fileRef = 80BA0E04868E9593D06C3B08 /* ReportsViewModel.swift */; };
		AA9F03E1E6AF72DE09EA3A0E /* FamilyService.swift in Sources */ = {isa = PBXBuildFile; fileRef = 96E17557364326F659EE76AA /* FamilyService.swift */; };
		B86D46CF5FEF1DE3801F00F7 /* AuthServiceTests.swift in Sources */ = {isa = PBXBuildFile; fileRef = 5E1CE4311D13B407F0BFAD3D /* AuthServiceTests.swift */; };
		BEA6FA015C9BDB20A19CD360 /* SpeedThresholdView.swift in Sources */ = {isa = PBXBuildFile; fileRef = 01C9A0B540A035832F800C15 /* SpeedThresholdView.swift */; };
		BEFC1C717B1D06A347C29C25 /* GoogleService-Info.plist in Resources */ = {isa = PBXBuildFile; fileRef = 40BB0E266290FF3EABEA46CA /* GoogleService-Info.plist */; };
		AA1234567890ABCD12345678 /* Assets.xcassets in Resources */ = {isa = PBXBuildFile; fileRef = BB1234567890ABCD12345678 /* Assets.xcassets */; };
		C577AB5F7ACD0FBE9AC3FA38 /* ParentDashboardViewModel.swift in Sources */ = {isa = PBXBuildFile; fileRef = 50D584C2BCCCFCAEB326AFC8 /* ParentDashboardViewModel.swift */; };
		CF233A2AB53FD49A674920A7 /* CreateFamilyView.swift in Sources */ = {isa = PBXBuildFile; fileRef = 2F5CF92C3B41BD98926C6350 /* CreateFamilyView.swift */; };
		D0212DE91B1BB09728E9B68E /* AppDelegate.swift in Sources */ = {isa = PBXBuildFile; fileRef = 2551EB7452E6866C4E2C0C9B /* AppDelegate.swift */; };
		D49E21EC1F3459CDE9BA547D /* ChildStatusCard.swift in Sources */ = {isa = PBXBuildFile; fileRef = FAD7636B15BC32E0568C3A52 /* ChildStatusCard.swift */; };
		DC114E2DF0BCDF8821F31ABD /* LocationService.swift in Sources */ = {isa = PBXBuildFile; fileRef = 1BC974DF1A36D2843923062C /* LocationService.swift */; };
		E3CDD442A87FC3CF1ACD01F6 /* OverrideRequestService.swift in Sources */ = {isa = PBXBuildFile; fileRef = C61DA6E2EB93FAB9516519C4 /* OverrideRequestService.swift */; };
		E82D87A744D2361A10F81EE6 /* NotificationService.swift in Sources */ = {isa = PBXBuildFile; fileRef = 4080A451011EBA6F0EB08227 /* NotificationService.swift */; };
		E9F7FD7ABE552E25984C5819 /* Pods_DriveArmorTests.framework in Frameworks */ = {isa = PBXBuildFile; fileRef = 6C3065E396881A521E4D5FD7 /* Pods_DriveArmorTests.framework */; };
		ECDD81FA9E327444680821A3 /* AppState.swift in Sources */ = {isa = PBXBuildFile; fileRef = EA755A120FBCEB2181102448 /* AppState.swift */; };
		F84DA9226447C863C50CD046 /* RuleChangeRequestView.swift in Sources */ = {isa = PBXBuildFile; fileRef = 69F28A38ECBB0FF516298FB9 /* RuleChangeRequestView.swift */; };
		FA47D533DEE7158559BA264A /* RoleSelectionView.swift in Sources */ = {isa = PBXBuildFile; fileRef = 966BD53E232687EF42164D22 /* RoleSelectionView.swift */; };
		FE7C608630E3476EC30AA499 /* GamificationView.swift in Sources */ = {isa = PBXBuildFile; fileRef = F54CD559793241A5CFAD8CB8 /* GamificationView.swift */; };
/* End PBXBuildFile section */

/* Begin PBXFileReference section */
		01C9A0B540A035832F800C15 /* SpeedThresholdView.swift */ = {isa = PBXFileReference; lastKnownFileType = sourcecode.swift; path = SpeedThresholdView.swift; sourceTree = "<group>"; };
		0AC486027B3740728A1D38D0 /* JoinFamilyView.swift */ = {isa = PBXFileReference; lastKnownFileType = sourcecode.swift; path = JoinFamilyView.swift; sourceTree = "<group>"; };
		0E523940D9CD73EBD41CE3DF /* CommandService.swift */ = {isa = PBXFileReference; lastKnownFileType = sourcecode.swift; path = CommandService.swift; sourceTree = "<group>"; };
		11A570454F914A9914289458 /* UserModel.swift */ = {isa = PBXFileReference; lastKnownFileType = sourcecode.swift; path = UserModel.swift; sourceTree = "<group>"; };
		126D22457B732EFA47181B49 /* Pods-DriveArmor.release.xcconfig */ = {isa = PBXFileReference; includeInIndex = 1; lastKnownFileType = text.xcconfig; name = "Pods-DriveArmor.release.xcconfig"; path = "Target Support Files/Pods-DriveArmor/Pods-DriveArmor.release.xcconfig"; sourceTree = "<group>"; };
		158FC2A0511C84E7A7E8268A /* SettingsView.swift */ = {isa = PBXFileReference; lastKnownFileType = sourcecode.swift; path = SettingsView.swift; sourceTree = "<group>"; };
		1BC974DF1A36D2843923062C /* LocationService.swift */ = {isa = PBXFileReference; lastKnownFileType = sourcecode.swift; path = LocationService.swift; sourceTree = "<group>"; };
		1F455E165EF003256B203385 /* ParentDashboardView.swift */ = {isa = PBXFileReference; lastKnownFileType = sourcecode.swift; path = ParentDashboardView.swift; sourceTree = "<group>"; };
		2551EB7452E6866C4E2C0C9B /* AppDelegate.swift */ = {isa = PBXFileReference; lastKnownFileType = sourcecode.swift; path = AppDelegate.swift; sourceTree = "<group>"; };
		28E9B1FF9E6177D10D98348D /* Date+Formatting.swift */ = {isa = PBXFileReference; lastKnownFileType = sourcecode.swift; path = "Date+Formatting.swift"; sourceTree = "<group>"; };
		2AA2E47AF64AE3F10C2775FC /* GamificationModel.swift */ = {isa = PBXFileReference; lastKnownFileType = sourcecode.swift; path = GamificationModel.swift; sourceTree = "<group>"; };
		2F5CF92C3B41BD98926C6350 /* CreateFamilyView.swift */ = {isa = PBXFileReference; lastKnownFileType = sourcecode.swift; path = CreateFamilyView.swift; sourceTree = "<group>"; };
		2FF765FF382E020A31995CB8 /* OverrideRequestsView.swift */ = {isa = PBXFileReference; lastKnownFileType = sourcecode.swift; path = OverrideRequestsView.swift; sourceTree = "<group>"; };
		35D63D4F572D7719C371203D /* LoginView.swift */ = {isa = PBXFileReference; lastKnownFileType = sourcecode.swift; path = LoginView.swift; sourceTree = "<group>"; };
		368DA83DC8D4BBAA571F7A3A /* ContentView.swift */ = {isa = PBXFileReference; lastKnownFileType = sourcecode.swift; path = ContentView.swift; sourceTree = "<group>"; };
		38E19BC3E78337377A1D8D73 /* Pods_DriveArmorTests.framework */ = {isa = PBXFileReference; explicitFileType = wrapper.framework; includeInIndex = 0; path = Pods_DriveArmorTests.framework; sourceTree = BUILT_PRODUCTS_DIR; };
		3B2A172754E7E47835719F13 /* GeofenceService.swift */ = {isa = PBXFileReference; lastKnownFileType = sourcecode.swift; path = GeofenceService.swift; sourceTree = "<group>"; };
		3CFB6289DD958E920A68F7F6 /* ScheduleService.swift */ = {isa = PBXFileReference; lastKnownFileType = sourcecode.swift; path = ScheduleService.swift; sourceTree = "<group>"; };
		4080A451011EBA6F0EB08227 /* NotificationService.swift */ = {isa = PBXFileReference; lastKnownFileType = sourcecode.swift; path = NotificationService.swift; sourceTree = "<group>"; };
		40BB0E266290FF3EABEA46CA /* GoogleService-Info.plist */ = {isa = PBXFileReference; lastKnownFileType = text.plist.xml; path = "GoogleService-Info.plist"; sourceTree = "<group>"; };
		BB1234567890ABCD12345678 /* Assets.xcassets */ = {isa = PBXFileReference; lastKnownFileType = folder.assetcatalog; path = Assets.xcassets; sourceTree = "<group>"; };
		4897E02901E0468D9FC84518 /* ErrorBanner.swift */ = {isa = PBXFileReference; lastKnownFileType = sourcecode.swift; path = ErrorBanner.swift; sourceTree = "<group>"; };
		4B02745936D577297F12415A /* Pods_DriveArmor.framework */ = {isa = PBXFileReference; explicitFileType = wrapper.framework; includeInIndex = 0; path = Pods_DriveArmor.framework; sourceTree = BUILT_PRODUCTS_DIR; };
		4B87C85643CBC4A2ECCCF50B /* Pods_DriveArmor.framework */ = {isa = PBXFileReference; explicitFileType = wrapper.framework; includeInIndex = 0; path = Pods_DriveArmor.framework; sourceTree = BUILT_PRODUCTS_DIR; };
		4D9388A4A737348C75BAC995 /* FamilyModel.swift */ = {isa = PBXFileReference; lastKnownFileType = sourcecode.swift; path = FamilyModel.swift; sourceTree = "<group>"; };
		4DF15650D86C231755D6D03E /* BiometricService.swift */ = {isa = PBXFileReference; lastKnownFileType = sourcecode.swift; path = BiometricService.swift; sourceTree = "<group>"; };
		50D584C2BCCCFCAEB326AFC8 /* ParentDashboardViewModel.swift */ = {isa = PBXFileReference; lastKnownFileType = sourcecode.swift; path = ParentDashboardViewModel.swift; sourceTree = "<group>"; };
		5100426B093011F979123CEC /* Pods-DriveArmorTests.release.xcconfig */ = {isa = PBXFileReference; includeInIndex = 1; lastKnownFileType = text.xcconfig; name = "Pods-DriveArmorTests.release.xcconfig"; path = "Target Support Files/Pods-DriveArmorTests/Pods-DriveArmorTests.release.xcconfig"; sourceTree = "<group>"; };
		5E1CE4311D13B407F0BFAD3D /* AuthServiceTests.swift */ = {isa = PBXFileReference; lastKnownFileType = sourcecode.swift; path = AuthServiceTests.swift; sourceTree = "<group>"; };
		605BABE2E19BF49CFD65D889 /* AppConstants.swift */ = {isa = PBXFileReference; lastKnownFileType = sourcecode.swift; path = AppConstants.swift; sourceTree = "<group>"; };
		63BAEB83594B675367DE957F /* Color+Theme.swift */ = {isa = PBXFileReference; lastKnownFileType = sourcecode.swift; path = "Color+Theme.swift"; sourceTree = "<group>"; };
		69F28A38ECBB0FF516298FB9 /* RuleChangeRequestView.swift */ = {isa = PBXFileReference; lastKnownFileType = sourcecode.swift; path = RuleChangeRequestView.swift; sourceTree = "<group>"; };
		6B82DFC1C8095A03AC38F9C9 /* AuthViewModel.swift */ = {isa = PBXFileReference; lastKnownFileType = sourcecode.swift; path = AuthViewModel.swift; sourceTree = "<group>"; };
		6C1C332B5E27B35DEAC20984 /* ChildDashboardView.swift */ = {isa = PBXFileReference; lastKnownFileType = sourcecode.swift; path = ChildDashboardView.swift; sourceTree = "<group>"; };
		6C3065E396881A521E4D5FD7 /* Pods_DriveArmorTests.framework */ = {isa = PBXFileReference; explicitFileType = wrapper.framework; includeInIndex = 0; path = Pods_DriveArmorTests.framework; sourceTree = BUILT_PRODUCTS_DIR; };
		7792234FF9831A8048515654 /* Pods-DriveArmorTests.debug.xcconfig */ = {isa = PBXFileReference; includeInIndex = 1; lastKnownFileType = text.xcconfig; name = "Pods-DriveArmorTests.debug.xcconfig"; path = "Target Support Files/Pods-DriveArmorTests/Pods-DriveArmorTests.debug.xcconfig"; sourceTree = "<group>"; };
		7B0B65CFDE1D11349508D729 /* RemoteControlView.swift */ = {isa = PBXFileReference; lastKnownFileType = sourcecode.swift; path = RemoteControlView.swift; sourceTree = "<group>"; };
		7FCA4AC087071D66CBD25675 /* DrivingLog.swift */ = {isa = PBXFileReference; lastKnownFileType = sourcecode.swift; path = DrivingLog.swift; sourceTree = "<group>"; };
		80BA0E04868E9593D06C3B08 /* ReportsViewModel.swift */ = {isa = PBXFileReference; lastKnownFileType = sourcecode.swift; path = ReportsViewModel.swift; sourceTree = "<group>"; };
		87679884BE07A14787CF01E0 /* FamilyPairingViewModel.swift */ = {isa = PBXFileReference; lastKnownFileType = sourcecode.swift; path = FamilyPairingViewModel.swift; sourceTree = "<group>"; };
		8A019126AD5DC58B5C6AE2A5 /* SubscriptionView.swift */ = {isa = PBXFileReference; lastKnownFileType = sourcecode.swift; path = SubscriptionView.swift; sourceTree = "<group>"; };
		8BEFD367C4AB92E0F59B0B1F /* DriveArmor.app */ = {isa = PBXFileReference; explicitFileType = wrapper.application; includeInIndex = 0; path = DriveArmor.app; sourceTree = BUILT_PRODUCTS_DIR; };
		8EBBAE2CA2D77BF9E06301D8 /* QRCodePairingView.swift */ = {isa = PBXFileReference; lastKnownFileType = sourcecode.swift; path = QRCodePairingView.swift; sourceTree = "<group>"; };
		92508C460D2B9BA51C52A067 /* SafeModeOverlayView.swift */ = {isa = PBXFileReference; lastKnownFileType = sourcecode.swift; path = SafeModeOverlayView.swift; sourceTree = "<group>"; };
		966BD53E232687EF42164D22 /* RoleSelectionView.swift */ = {isa = PBXFileReference; lastKnownFileType = sourcecode.swift; path = RoleSelectionView.swift; sourceTree = "<group>"; };
		96E17557364326F659EE76AA /* FamilyService.swift */ = {isa = PBXFileReference; lastKnownFileType = sourcecode.swift; path = FamilyService.swift; sourceTree = "<group>"; };
		A2627AABF9C826333C74625F /* ReportsView.swift */ = {isa = PBXFileReference; lastKnownFileType = sourcecode.swift; path = ReportsView.swift; sourceTree = "<group>"; };
		A583465B7B5F572E773B8C2B /* GeofenceListView.swift */ = {isa = PBXFileReference; lastKnownFileType = sourcecode.swift; path = GeofenceListView.swift; sourceTree = "<group>"; };
		A95AABE65F077A7048A0BB59 /* CommandModel.swift */ = {isa = PBXFileReference; lastKnownFileType = sourcecode.swift; path = CommandModel.swift; sourceTree = "<group>"; };
		ABF3359E0083E648C5265535 /* AuthService.swift */ = {isa = PBXFileReference; lastKnownFileType = sourcecode.swift; path = AuthService.swift; sourceTree = "<group>"; };
		ACDA1A75D3F983E0A238A754 /* DriveArmorApp.swift */ = {isa = PBXFileReference; lastKnownFileType = sourcecode.swift; path = DriveArmorApp.swift; sourceTree = "<group>"; };
		AF788D76354FEDD533CBDFE9 /* ScheduleListView.swift */ = {isa = PBXFileReference; lastKnownFileType = sourcecode.swift; path = ScheduleListView.swift; sourceTree = "<group>"; };
		B16E0579848E245EB5087D18 /* GeofenceModel.swift */ = {isa = PBXFileReference; lastKnownFileType = sourcecode.swift; path = GeofenceModel.swift; sourceTree = "<group>"; };
		B20C3E1160FDF58F1E10B0B7 /* SignUpView.swift */ = {isa = PBXFileReference; lastKnownFileType = sourcecode.swift; path = SignUpView.swift; sourceTree = "<group>"; };
		B368571EDCA6D92B7F393179 /* DeviceStatusService.swift */ = {isa = PBXFileReference; lastKnownFileType = sourcecode.swift; path = DeviceStatusService.swift; sourceTree = "<group>"; };
		B56B61CE30C3128BFEEBB127 /* DrivingDetectionService.swift */ = {isa = PBXFileReference; lastKnownFileType = sourcecode.swift; path = DrivingDetectionService.swift; sourceTree = "<group>"; };
		BD1D353CB2E95F6A7100D801 /* GamificationService.swift */ = {isa = PBXFileReference; lastKnownFileType = sourcecode.swift; path = GamificationService.swift; sourceTree = "<group>"; };
		BDAB7A89E223FDE0DA856A4B /* SubscriptionService.swift */ = {isa = PBXFileReference; lastKnownFileType = sourcecode.swift; path = SubscriptionService.swift; sourceTree = "<group>"; };
		C517D5250ADEB385829BF3EE /* DeviceStatus.swift */ = {isa = PBXFileReference; lastKnownFileType = sourcecode.swift; path = DeviceStatus.swift; sourceTree = "<group>"; };
		C61DA6E2EB93FAB9516519C4 /* OverrideRequestService.swift */ = {isa = PBXFileReference; lastKnownFileType = sourcecode.swift; path = OverrideRequestService.swift; sourceTree = "<group>"; };
		C84C9E14E9F42971AD64B08C /* LoadingView.swift */ = {isa = PBXFileReference; lastKnownFileType = sourcecode.swift; path = LoadingView.swift; sourceTree = "<group>"; };
		CE0C2728824DD9505C647FCD /* OverrideRequest.swift */ = {isa = PBXFileReference; lastKnownFileType = sourcecode.swift; path = OverrideRequest.swift; sourceTree = "<group>"; };
		D36BCFC345F4D00A2776EC92 /* SettingsViewModel.swift */ = {isa = PBXFileReference; lastKnownFileType = sourcecode.swift; path = SettingsViewModel.swift; sourceTree = "<group>"; };
		DAB1C853154064906419751E /* SafeModeService.swift */ = {isa = PBXFileReference; lastKnownFileType = sourcecode.swift; path = SafeModeService.swift; sourceTree = "<group>"; };
		DD6483CE0600A95B1D24B10E /* DriveArmorTests.xctest */ = {isa = PBXFileReference; explicitFileType = wrapper.cfbundle; includeInIndex = 0; path = DriveArmorTests.xctest; sourceTree = BUILT_PRODUCTS_DIR; };
		EA755A120FBCEB2181102448 /* AppState.swift */ = {isa = PBXFileReference; lastKnownFileType = sourcecode.swift; path = AppState.swift; sourceTree = "<group>"; };
		F54CD559793241A5CFAD8CB8 /* GamificationView.swift */ = {isa = PBXFileReference; lastKnownFileType = sourcecode.swift; path = GamificationView.swift; sourceTree = "<group>"; };
		F6A2419B12FFF505724AF903 /* ChildDashboardViewModel.swift */ = {isa = PBXFileReference; lastKnownFileType = sourcecode.swift; path = ChildDashboardViewModel.swift; sourceTree = "<group>"; };
		F7E2DA11F25E63D42258643A /* CommandServiceTests.swift */ = {isa = PBXFileReference; lastKnownFileType = sourcecode.swift; path = CommandServiceTests.swift; sourceTree = "<group>"; };
		F7F8015AA8DFC35D779D2003 /* DrivingDetectionTests.swift */ = {isa = PBXFileReference; lastKnownFileType = sourcecode.swift; path = DrivingDetectionTests.swift; sourceTree = "<group>"; };
		F861137D6C64648B1BA0E817 /* SubscriptionModel.swift */ = {isa = PBXFileReference; lastKnownFileType = sourcecode.swift; path = SubscriptionModel.swift; sourceTree = "<group>"; };
		F9E18AD4CDCF4A4225ED46E3 /* Pods-DriveArmor.debug.xcconfig */ = {isa = PBXFileReference; includeInIndex = 1; lastKnownFileType = text.xcconfig; name = "Pods-DriveArmor.debug.xcconfig"; path = "Target Support Files/Pods-DriveArmor/Pods-DriveArmor.debug.xcconfig"; sourceTree = "<group>"; };
		FAD7636B15BC32E0568C3A52 /* ChildStatusCard.swift */ = {isa = PBXFileReference; lastKnownFileType = sourcecode.swift; path = ChildStatusCard.swift; sourceTree = "<group>"; };
/* End PBXFileReference section */

/* Begin PBXFrameworksBuildPhase section */
		B45964D8D7793EC85148BD43 /* Frameworks */ = {
			isa = PBXFrameworksBuildPhase;
			buildActionMask = 2147483647;
			files = (
				7A576D8A666175E363A6F858 /* Pods_DriveArmorTests.framework in Frameworks */,
				E9F7FD7ABE552E25984C5819 /* Pods_DriveArmorTests.framework in Frameworks */,
			);
			runOnlyForDeploymentPostprocessing = 0;
		};
		CE0AC45885C91E39960C3601 /* Frameworks */ = {
			isa = PBXFrameworksBuildPhase;
			buildActionMask = 2147483647;
			files = (
				5979FE43D456CB6E7EEDEC44 /* Pods_DriveArmor.framework in Frameworks */,
				5994BD9CD889F7F12A5943EA /* Pods_DriveArmor.framework in Frameworks */,
			);
			runOnlyForDeploymentPostprocessing = 0;
		};
/* End PBXFrameworksBuildPhase section */

/* Begin PBXGroup section */
		00C4B3E465572F9E55DAA06E /* Extensions */ = {
			isa = PBXGroup;
			children = (
				63BAEB83594B675367DE957F /* Color+Theme.swift */,
				28E9B1FF9E6177D10D98348D /* Date+Formatting.swift */,
			);
			path = Extensions;
			sourceTree = "<group>";
		};
		0F186C6F1A717DFE4A76E377 /* Pods */ = {
			isa = PBXGroup;
			children = (
				F9E18AD4CDCF4A4225ED46E3 /* Pods-DriveArmor.debug.xcconfig */,
				126D22457B732EFA47181B49 /* Pods-DriveArmor.release.xcconfig */,
				7792234FF9831A8048515654 /* Pods-DriveArmorTests.debug.xcconfig */,
				5100426B093011F979123CEC /* Pods-DriveArmorTests.release.xcconfig */,
			);
			name = Pods;
			path = Pods;
			sourceTree = "<group>";
		};
		2D994DEEEEE7B7D648B120C7 /* Child */ = {
			isa = PBXGroup;
			children = (
				6C1C332B5E27B35DEAC20984 /* ChildDashboardView.swift */,
				F54CD559793241A5CFAD8CB8 /* GamificationView.swift */,
				92508C460D2B9BA51C52A067 /* SafeModeOverlayView.swift */,
			);
			path = Child;
			sourceTree = "<group>";
		};
		2F52B9C816562AD2C817CFA2 /* Constants */ = {
			isa = PBXGroup;
			children = (
				605BABE2E19BF49CFD65D889 /* AppConstants.swift */,
			);
			path = Constants;
			sourceTree = "<group>";
		};
		2F5F0C3D30A71245077AD6E5 /* Services */ = {
			isa = PBXGroup;
			children = (
				ABF3359E0083E648C5265535 /* AuthService.swift */,
				4DF15650D86C231755D6D03E /* BiometricService.swift */,
				0E523940D9CD73EBD41CE3DF /* CommandService.swift */,
				B368571EDCA6D92B7F393179 /* DeviceStatusService.swift */,
				B56B61CE30C3128BFEEBB127 /* DrivingDetectionService.swift */,
				96E17557364326F659EE76AA /* FamilyService.swift */,
				BD1D353CB2E95F6A7100D801 /* GamificationService.swift */,
				3B2A172754E7E47835719F13 /* GeofenceService.swift */,
				1BC974DF1A36D2843923062C /* LocationService.swift */,
				4080A451011EBA6F0EB08227 /* NotificationService.swift */,
				C61DA6E2EB93FAB9516519C4 /* OverrideRequestService.swift */,
				DAB1C853154064906419751E /* SafeModeService.swift */,
				3CFB6289DD958E920A68F7F6 /* ScheduleService.swift */,
				BDAB7A89E223FDE0DA856A4B /* SubscriptionService.swift */,
			);
			path = Services;
			sourceTree = "<group>";
		};
		30772F61AC9BDC8631745269 /* Products */ = {
			isa = PBXGroup;
			children = (
				8BEFD367C4AB92E0F59B0B1F /* DriveArmor.app */,
				DD6483CE0600A95B1D24B10E /* DriveArmorTests.xctest */,
			);
			name = Products;
			sourceTree = "<group>";
		};
		44594228BD0EBD8EDC10E04A /* DriveArmor */ = {
			isa = PBXGroup;
			children = (
				93B05571F4835A42358FD3D7 /* App */,
				2F52B9C816562AD2C817CFA2 /* Constants */,
				00C4B3E465572F9E55DAA06E /* Extensions */,
				48B8364E0DD98CD0E9867FE2 /* Models */,
				FF70A2E3B3DEB9A73511193F /* Resources */,
				2F5F0C3D30A71245077AD6E5 /* Services */,
				6C0675640D8D911915BB7CC2 /* ViewModels */,
				84DF3101143A5ED74F0FF51F /* Views */,
			);
			path = DriveArmor;
			sourceTree = "<group>";
		};
		48B8364E0DD98CD0E9867FE2 /* Models */ = {
			isa = PBXGroup;
			children = (
				A95AABE65F077A7048A0BB59 /* CommandModel.swift */,
				C517D5250ADEB385829BF3EE /* DeviceStatus.swift */,
				7FCA4AC087071D66CBD25675 /* DrivingLog.swift */,
				4D9388A4A737348C75BAC995 /* FamilyModel.swift */,
				2AA2E47AF64AE3F10C2775FC /* GamificationModel.swift */,
				B16E0579848E245EB5087D18 /* GeofenceModel.swift */,
				CE0C2728824DD9505C647FCD /* OverrideRequest.swift */,
				F861137D6C64648B1BA0E817 /* SubscriptionModel.swift */,
				11A570454F914A9914289458 /* UserModel.swift */,
			);
			path = Models;
			sourceTree = "<group>";
		};
		4A12ED0DC0047B861AFD1A39 /* Frameworks */ = {
			isa = PBXGroup;
			children = (
				4B02745936D577297F12415A /* Pods_DriveArmor.framework */,
				6C3065E396881A521E4D5FD7 /* Pods_DriveArmorTests.framework */,
			);
			name = Frameworks;
			sourceTree = "<group>";
		};
		6C0675640D8D911915BB7CC2 /* ViewModels */ = {
			isa = PBXGroup;
			children = (
				6B82DFC1C8095A03AC38F9C9 /* AuthViewModel.swift */,
				F6A2419B12FFF505724AF903 /* ChildDashboardViewModel.swift */,
				87679884BE07A14787CF01E0 /* FamilyPairingViewModel.swift */,
				50D584C2BCCCFCAEB326AFC8 /* ParentDashboardViewModel.swift */,
				80BA0E04868E9593D06C3B08 /* ReportsViewModel.swift */,
				D36BCFC345F4D00A2776EC92 /* SettingsViewModel.swift */,
			);
			path = ViewModels;
			sourceTree = "<group>";
		};
		6D1F4DE63B7B70BBF5FD97B7 /* Pairing */ = {
			isa = PBXGroup;
			children = (
				2F5CF92C3B41BD98926C6350 /* CreateFamilyView.swift */,
				0AC486027B3740728A1D38D0 /* JoinFamilyView.swift */,
				8EBBAE2CA2D77BF9E06301D8 /* QRCodePairingView.swift */,
			);
			path = Pairing;
			sourceTree = "<group>";
		};
		71D2E56247FE75C3DCE9B609 = {
			isa = PBXGroup;
			children = (
				44594228BD0EBD8EDC10E04A /* DriveArmor */,
				7AEDBE692CD6390D0671936A /* DriveArmorTests */,
				30772F61AC9BDC8631745269 /* Products */,
				0F186C6F1A717DFE4A76E377 /* Pods */,
				4A12ED0DC0047B861AFD1A39 /* Frameworks */,
			);
			sourceTree = "<group>";
		};
		737A1A71DC6447A8049E2420 /* Parent */ = {
			isa = PBXGroup;
			children = (
				FAD7636B15BC32E0568C3A52 /* ChildStatusCard.swift */,
				A583465B7B5F572E773B8C2B /* GeofenceListView.swift */,
				1F455E165EF003256B203385 /* ParentDashboardView.swift */,
				7B0B65CFDE1D11349508D729 /* RemoteControlView.swift */,
				A2627AABF9C826333C74625F /* ReportsView.swift */,
				AF788D76354FEDD533CBDFE9 /* ScheduleListView.swift */,
				01C9A0B540A035832F800C15 /* SpeedThresholdView.swift */,
			);
			path = Parent;
			sourceTree = "<group>";
		};
		7AEDBE692CD6390D0671936A /* DriveArmorTests */ = {
			isa = PBXGroup;
			children = (
				5E1CE4311D13B407F0BFAD3D /* AuthServiceTests.swift */,
				F7E2DA11F25E63D42258643A /* CommandServiceTests.swift */,
				F7F8015AA8DFC35D779D2003 /* DrivingDetectionTests.swift */,
			);
			path = DriveArmorTests;
			sourceTree = "<group>";
		};
		84DF3101143A5ED74F0FF51F /* Views */ = {
			isa = PBXGroup;
			children = (
				B3C3C5CB51F260E1CB13F530 /* Auth */,
				2D994DEEEEE7B7D648B120C7 /* Child */,
				6D1F4DE63B7B70BBF5FD97B7 /* Pairing */,
				737A1A71DC6447A8049E2420 /* Parent */,
				E807B2E7B81C5753B343853F /* Settings */,
				E6F33A70FA10B2A2BDAFA551 /* Shared */,
			);
			path = Views;
			sourceTree = "<group>";
		};
		93B05571F4835A42358FD3D7 /* App */ = {
			isa = PBXGroup;
			children = (
				2551EB7452E6866C4E2C0C9B /* AppDelegate.swift */,
				EA755A120FBCEB2181102448 /* AppState.swift */,
				368DA83DC8D4BBAA571F7A3A /* ContentView.swift */,
				ACDA1A75D3F983E0A238A754 /* DriveArmorApp.swift */,
			);
			path = App;
			sourceTree = "<group>";
		};
		B3C3C5CB51F260E1CB13F530 /* Auth */ = {
			isa = PBXGroup;
			children = (
				35D63D4F572D7719C371203D /* LoginView.swift */,
				966BD53E232687EF42164D22 /* RoleSelectionView.swift */,
				B20C3E1160FDF58F1E10B0B7 /* SignUpView.swift */,
			);
			path = Auth;
			sourceTree = "<group>";
		};
		E6F33A70FA10B2A2BDAFA551 /* Shared */ = {
			isa = PBXGroup;
			children = (
				4897E02901E0468D9FC84518 /* ErrorBanner.swift */,
				C84C9E14E9F42971AD64B08C /* LoadingView.swift */,
				2FF765FF382E020A31995CB8 /* OverrideRequestsView.swift */,
				69F28A38ECBB0FF516298FB9 /* RuleChangeRequestView.swift */,
			);
			path = Shared;
			sourceTree = "<group>";
		};
		E807B2E7B81C5753B343853F /* Settings */ = {
			isa = PBXGroup;
			children = (
				158FC2A0511C84E7A7E8268A /* SettingsView.swift */,
				8A019126AD5DC58B5C6AE2A5 /* SubscriptionView.swift */,
			);
			path = Settings;
			sourceTree = "<group>";
		};
		FF70A2E3B3DEB9A73511193F /* Resources */ = {
			isa = PBXGroup;
			children = (
				40BB0E266290FF3EABEA46CA /* GoogleService-Info.plist */,
				BB1234567890ABCD12345678 /* Assets.xcassets */,
			);
			path = Resources;
			sourceTree = "<group>";
		};
/* End PBXGroup section */

/* Begin PBXNativeTarget section */
		2D4ACA6CA656EA5A5A5CC5F6 /* DriveArmor */ = {
			isa = PBXNativeTarget;
			buildConfigurationList = C09F95D15E38CC69A6674673 /* Build configuration list for PBXNativeTarget "DriveArmor" */;
			buildPhases = (
				56388A613273BA6F83FA9705 /* [CP] Check Pods Manifest.lock */,
				450FB992A27AF95ADE042318 /* Sources */,
				CE0AC45885C91E39960C3601 /* Frameworks */,
				01763A1948D3E1CF2D398306 /* Resources */,
				3643DECD0DFE38F04867307A /* [CP] Embed Pods Frameworks */,
			);
			buildRules = (
			);
			dependencies = (
			);
			name = DriveArmor;
			productName = DriveArmor;
			productReference = 8BEFD367C4AB92E0F59B0B1F /* DriveArmor.app */;
			productType = "com.apple.product-type.application";
		};
		F2D2B3F3863099DE5195FCBE /* DriveArmorTests */ = {
			isa = PBXNativeTarget;
			buildConfigurationList = 938997E94E15DD5CF3243B0D /* Build configuration list for PBXNativeTarget "DriveArmorTests" */;
			buildPhases = (
				59F5B3E21DFACD65AC7ED601 /* [CP] Check Pods Manifest.lock */,
				4CD59FC6DC8369509C39E3CB /* Sources */,
				B45964D8D7793EC85148BD43 /* Frameworks */,
			);
			buildRules = (
			);
			dependencies = (
			);
			name = DriveArmorTests;
			productName = DriveArmorTests;
			productReference = DD6483CE0600A95B1D24B10E /* DriveArmorTests.xctest */;
			productType = "com.apple.product-type.bundle.unit-test";
		};
/* End PBXNativeTarget section */

/* Begin PBXProject section */
		5299AC4324DC18342A8CCD96 /* Project object */ = {
			isa = PBXProject;
			attributes = {
				BuildIndependentTargetsInParallel = 1;
				LastSwiftUpdateCheck = 1500;
				LastUpgradeCheck = 1500;
			};
			buildConfigurationList = FE422E61AE992D05BC2E14C2 /* Build configuration list for PBXProject "DriveArmor" */;
			compatibilityVersion = "Xcode 14.0";
			developmentRegion = en;
			hasScannedForEncodings = 0;
			knownRegions = (
				en,
				Base,
			);
			mainGroup = 71D2E56247FE75C3DCE9B609;
			productRefGroup = 30772F61AC9BDC8631745269 /* Products */;
			projectDirPath = "";
			projectRoot = "";
			targets = (
				2D4ACA6CA656EA5A5A5CC5F6 /* DriveArmor */,
				F2D2B3F3863099DE5195FCBE /* DriveArmorTests */,
			);
		};
/* End PBXProject section */

/* Begin PBXResourcesBuildPhase section */
		01763A1948D3E1CF2D398306 /* Resources */ = {
			isa = PBXResourcesBuildPhase;
			buildActionMask = 2147483647;
			files = (
				BEFC1C717B1D06A347C29C25 /* GoogleService-Info.plist in Resources */,
				AA1234567890ABCD12345678 /* Assets.xcassets in Resources */,
			);
			runOnlyForDeploymentPostprocessing = 0;
		};
/* End PBXResourcesBuildPhase section */

/* Begin PBXShellScriptBuildPhase section */
		3643DECD0DFE38F04867307A /* [CP] Embed Pods Frameworks */ = {
			isa = PBXShellScriptBuildPhase;
			buildActionMask = 2147483647;
			files = (
			);
			inputFileListPaths = (
				"${PODS_ROOT}/Target Support Files/Pods-DriveArmor/Pods-DriveArmor-frameworks-${CONFIGURATION}-input-files.xcfilelist",
			);
			name = "[CP] Embed Pods Frameworks";
			outputFileListPaths = (
				"${PODS_ROOT}/Target Support Files/Pods-DriveArmor/Pods-DriveArmor-frameworks-${CONFIGURATION}-output-files.xcfilelist",
			);
			runOnlyForDeploymentPostprocessing = 0;
			shellPath = /bin/sh;
			shellScript = "\"${PODS_ROOT}/Target Support Files/Pods-DriveArmor/Pods-DriveArmor-frameworks.sh\"\n";
			showEnvVarsInLog = 0;
		};
		56388A613273BA6F83FA9705 /* [CP] Check Pods Manifest.lock */ = {
			isa = PBXShellScriptBuildPhase;
			buildActionMask = 2147483647;
			files = (
			);
			inputFileListPaths = (
			);
			inputPaths = (
				"${PODS_PODFILE_DIR_PATH}/Podfile.lock",
				"${PODS_ROOT}/Manifest.lock",
			);
			name = "[CP] Check Pods Manifest.lock";
			outputFileListPaths = (
			);
			outputPaths = (
				"$(DERIVED_FILE_DIR)/Pods-DriveArmor-checkManifestLockResult.txt",
			);
			runOnlyForDeploymentPostprocessing = 0;
			shellPath = /bin/sh;
			shellScript = "diff \"${PODS_PODFILE_DIR_PATH}/Podfile.lock\" \"${PODS_ROOT}/Manifest.lock\" > /dev/null\nif [ $? != 0 ] ; then\n    # print error to STDERR\n    echo \"error: The sandbox is not in sync with the Podfile.lock. Run 'pod install' or update your CocoaPods installation.\" >&2\n    exit 1\nfi\n# This output is used by Xcode 'outputs' to avoid re-running this script phase.\necho \"SUCCESS\" > \"${SCRIPT_OUTPUT_FILE_0}\"\n";
			showEnvVarsInLog = 0;
		};
		59F5B3E21DFACD65AC7ED601 /* [CP] Check Pods Manifest.lock */ = {
			isa = PBXShellScriptBuildPhase;
			buildActionMask = 2147483647;
			files = (
			);
			inputFileListPaths = (
			);
			inputPaths = (
				"${PODS_PODFILE_DIR_PATH}/Podfile.lock",
				"${PODS_ROOT}/Manifest.lock",
			);
			name = "[CP] Check Pods Manifest.lock";
			outputFileListPaths = (
			);
			outputPaths = (
				"$(DERIVED_FILE_DIR)/Pods-DriveArmorTests-checkManifestLockResult.txt",
			);
			runOnlyForDeploymentPostprocessing = 0;
			shellPath = /bin/sh;
			shellScript = "diff \"${PODS_PODFILE_DIR_PATH}/Podfile.lock\" \"${PODS_ROOT}/Manifest.lock\" > /dev/null\nif [ $? != 0 ] ; then\n    # print error to STDERR\n    echo \"error: The sandbox is not in sync with the Podfile.lock. Run 'pod install' or update your CocoaPods installation.\" >&2\n    exit 1\nfi\n# This output is used by Xcode 'outputs' to avoid re-running this script phase.\necho \"SUCCESS\" > \"${SCRIPT_OUTPUT_FILE_0}\"\n";
			showEnvVarsInLog = 0;
		};
/* End PBXShellScriptBuildPhase section */

/* Begin PBXSourcesBuildPhase section */
		450FB992A27AF95ADE042318 /* Sources */ = {
			isa = PBXSourcesBuildPhase;
			buildActionMask = 2147483647;
			files = (
				D0212DE91B1BB09728E9B68E /* AppDelegate.swift in Sources */,
				ECDD81FA9E327444680821A3 /* AppState.swift in Sources */,
				44938590FC02A9E519E2C536 /* ContentView.swift in Sources */,
				A4BE2FB594D98C3E9B9C7790 /* DriveArmorApp.swift in Sources */,
				1B25C26C42AB221CD01FE5EF /* AppConstants.swift in Sources */,
				36BF8887D43804D82FF29743 /* Color+Theme.swift in Sources */,
				91D48188DC21A92A75C721CE /* Date+Formatting.swift in Sources */,
				77E7662873300764F093FD6B /* CommandModel.swift in Sources */,
				9BB1A0FDEC013012D3E9EA1A /* DeviceStatus.swift in Sources */,
				17868410D3E1258BF0FD916D /* DrivingLog.swift in Sources */,
				000B209D55E22959DA85706C /* FamilyModel.swift in Sources */,
				154B3BD6121E1643C5DB32AB /* GamificationModel.swift in Sources */,
				2AECD0FDEFADC5808FA3EA44 /* GeofenceModel.swift in Sources */,
				224396F23D575A53AA62F7FA /* OverrideRequest.swift in Sources */,
				33342CACE2306147D2191A75 /* SubscriptionModel.swift in Sources */,
				134483C888CAD162D9BF07E6 /* UserModel.swift in Sources */,
				7B6433CE52026CC51C112DA1 /* AuthService.swift in Sources */,
				7769F37071F1A26E3EEC704B /* BiometricService.swift in Sources */,
				3B9001CEB0CDA944F7F1C976 /* CommandService.swift in Sources */,
				889FB759421F343C8050FE1A /* DeviceStatusService.swift in Sources */,
				6B5DBC14D2459C0D345F9C4A /* DrivingDetectionService.swift in Sources */,
				AA9F03E1E6AF72DE09EA3A0E /* FamilyService.swift in Sources */,
				696208B57B681872F39E8760 /* GamificationService.swift in Sources */,
				6467AB8BD825C3EE311A049B /* GeofenceService.swift in Sources */,
				DC114E2DF0BCDF8821F31ABD /* LocationService.swift in Sources */,
				E82D87A744D2361A10F81EE6 /* NotificationService.swift in Sources */,
				E3CDD442A87FC3CF1ACD01F6 /* OverrideRequestService.swift in Sources */,
				8AAE50BFFDFE705768237811 /* SafeModeService.swift in Sources */,
				4EAB70276BD21071F866D14E /* ScheduleService.swift in Sources */,
				3A32882B6C1D7ECCEE8B45DF /* SubscriptionService.swift in Sources */,
				50EEBBAF71DE449CE918A178 /* AuthViewModel.swift in Sources */,
				5E8EE04A8D4C686975EE1E82 /* ChildDashboardViewModel.swift in Sources */,
				8C1459F73358CFC8D776E070 /* FamilyPairingViewModel.swift in Sources */,
				C577AB5F7ACD0FBE9AC3FA38 /* ParentDashboardViewModel.swift in Sources */,
				A729C02C88CD46A0E29EA8E4 /* ReportsViewModel.swift in Sources */,
				A688A82CBE1CF06925492F1F /* SettingsViewModel.swift in Sources */,
				979E07CA030F726C7D67D897 /* LoginView.swift in Sources */,
				FA47D533DEE7158559BA264A /* RoleSelectionView.swift in Sources */,
				A0922A904D8E237C5371C4E7 /* SignUpView.swift in Sources */,
				588A505F6427C64293F25205 /* ChildDashboardView.swift in Sources */,
				FE7C608630E3476EC30AA499 /* GamificationView.swift in Sources */,
				4A9D743338E814FD93AB5F9D /* SafeModeOverlayView.swift in Sources */,
				CF233A2AB53FD49A674920A7 /* CreateFamilyView.swift in Sources */,
				72BB2C6F78DA6036DBDA989B /* JoinFamilyView.swift in Sources */,
				9E73D9DCC26F72356E80C3EB /* QRCodePairingView.swift in Sources */,
				D49E21EC1F3459CDE9BA547D /* ChildStatusCard.swift in Sources */,
				4FC22E501D1F1CC7AF82D505 /* GeofenceListView.swift in Sources */,
				7531A94FDEF961A86024EC94 /* ParentDashboardView.swift in Sources */,
				1821C0EF22230221B6817ED4 /* RemoteControlView.swift in Sources */,
				36C691CA5B3B5FF21BF7E525 /* ReportsView.swift in Sources */,
				20BE55D298DAAAFE5514CE63 /* ScheduleListView.swift in Sources */,
				BEA6FA015C9BDB20A19CD360 /* SpeedThresholdView.swift in Sources */,
				72A78DCED6275176AAC152EA /* SettingsView.swift in Sources */,
				9D74EEAF123DFB347BE1D834 /* SubscriptionView.swift in Sources */,
				A6D55054EA14AFA248099A3A /* ErrorBanner.swift in Sources */,
				1D9F4525D5AFB65E8300FC54 /* LoadingView.swift in Sources */,
				4059D96EE22C02BC36DBE2CF /* OverrideRequestsView.swift in Sources */,
				F84DA9226447C863C50CD046 /* RuleChangeRequestView.swift in Sources */,
			);
			runOnlyForDeploymentPostprocessing = 0;
		};
		4CD59FC6DC8369509C39E3CB /* Sources */ = {
			isa = PBXSourcesBuildPhase;
			buildActionMask = 2147483647;
			files = (
				B86D46CF5FEF1DE3801F00F7 /* AuthServiceTests.swift in Sources */,
				A2A4CD749F19B11C1371CA7C /* CommandServiceTests.swift in Sources */,
				A2E3DFB5960F5A7A500899D4 /* DrivingDetectionTests.swift in Sources */,
			);
			runOnlyForDeploymentPostprocessing = 0;
		};
/* End PBXSourcesBuildPhase section */

/* Begin XCBuildConfiguration section */
		000593AED66FD869DC09DDA1 /* Debug */ = {
			isa = XCBuildConfiguration;
			baseConfigurationReference = 7792234FF9831A8048515654 /* Pods-DriveArmorTests.debug.xcconfig */;
			buildSettings = {
				BUNDLE_LOADER = "$(TEST_HOST)";
				CODE_SIGN_STYLE = Automatic;
				CURRENT_PROJECT_VERSION = 1;
				GENERATE_INFOPLIST_FILE = YES;
				IPHONEOS_DEPLOYMENT_TARGET = 17.0;
				LD_RUNPATH_SEARCH_PATHS = (
					"$(inherited)",
					"@executable_path/Frameworks",
					"@loader_path/Frameworks",
				);
				PRODUCT_BUNDLE_IDENTIFIER = com.elite360.DriveArmorTests;
				PRODUCT_NAME = "$(TARGET_NAME)";
				SWIFT_VERSION = 5.0;
				TARGETED_DEVICE_FAMILY = "1,2";
				TEST_HOST = "$(BUILT_PRODUCTS_DIR)/DriveArmor.app/$(BUNDLE_EXECUTABLE_FOLDER_PATH)/DriveArmor";
			};
			name = Debug;
		};
		186E3C741D4442FE7542718A /* Release */ = {
			isa = XCBuildConfiguration;
			baseConfigurationReference = 5100426B093011F979123CEC /* Pods-DriveArmorTests.release.xcconfig */;
			buildSettings = {
				BUNDLE_LOADER = "$(TEST_HOST)";
				CODE_SIGN_STYLE = Automatic;
				CURRENT_PROJECT_VERSION = 1;
				GENERATE_INFOPLIST_FILE = YES;
				IPHONEOS_DEPLOYMENT_TARGET = 17.0;
				LD_RUNPATH_SEARCH_PATHS = (
					"$(inherited)",
					"@executable_path/Frameworks",
					"@loader_path/Frameworks",
				);
				PRODUCT_BUNDLE_IDENTIFIER = com.elite360.DriveArmorTests;
				PRODUCT_NAME = "$(TARGET_NAME)";
				SWIFT_VERSION = 5.0;
				TARGETED_DEVICE_FAMILY = "1,2";
				TEST_HOST = "$(BUILT_PRODUCTS_DIR)/DriveArmor.app/$(BUNDLE_EXECUTABLE_FOLDER_PATH)/DriveArmor";
			};
			name = Release;
		};
		5679C1072468440DCC0739C8 /* Release */ = {
			isa = XCBuildConfiguration;
			buildSettings = {
				ALWAYS_SEARCH_USER_PATHS = NO;
				CLANG_ENABLE_MODULES = YES;
				DEBUG_INFORMATION_FORMAT = "dwarf-with-dsym";
				IPHONEOS_DEPLOYMENT_TARGET = 17.0;
				SDKROOT = iphoneos;
				SWIFT_COMPILATION_MODE = wholemodule;
				SWIFT_OPTIMIZATION_LEVEL = "-Owholemodule";
			};
			name = Release;
		};
		810644186E5F2A6D452F0DA1 /* Release */ = {
			isa = XCBuildConfiguration;
			baseConfigurationReference = 126D22457B732EFA47181B49 /* Pods-DriveArmor.release.xcconfig */;
			buildSettings = {
				ASSETCATALOG_COMPILER_APPICON_NAME = AppIcon;
				CODE_SIGN_ENTITLEMENTS = DriveArmor/DriveArmor.entitlements;
				CODE_SIGN_STYLE = Automatic;
				CURRENT_PROJECT_VERSION = 1;
				GENERATE_INFOPLIST_FILE = NO;
				INFOPLIST_FILE = DriveArmor/Resources/Info.plist;
				IPHONEOS_DEPLOYMENT_TARGET = 17.0;
				LD_RUNPATH_SEARCH_PATHS = (
					"$(inherited)",
					"@executable_path/Frameworks",
				);
				MARKETING_VERSION = 1.0.0;
				PRODUCT_BUNDLE_IDENTIFIER = com.elite360.DriveArmor;
				PRODUCT_NAME = "$(TARGET_NAME)";
				SWIFT_VERSION = 5.0;
				TARGETED_DEVICE_FAMILY = "1,2";
			};
			name = Release;
		};
		D3F7E1332B6B89CC946A9F6B /* Debug */ = {
			isa = XCBuildConfiguration;
			buildSettings = {
				ALWAYS_SEARCH_USER_PATHS = NO;
				CLANG_ENABLE_MODULES = YES;
				DEBUG_INFORMATION_FORMAT = "dwarf-with-dsym";
				GCC_OPTIMIZATION_LEVEL = 0;
				IPHONEOS_DEPLOYMENT_TARGET = 17.0;
				MTL_ENABLE_DEBUG_INFO = INCLUDE_SOURCE;
				ONLY_ACTIVE_ARCH = YES;
				SDKROOT = iphoneos;
				SWIFT_ACTIVE_COMPILATION_CONDITIONS = "$(inherited) DEBUG";
				SWIFT_OPTIMIZATION_LEVEL = "-Onone";
			};
			name = Debug;
		};
		E46D84BDF8F7BB0E77A93432 /* Debug */ = {
			isa = XCBuildConfiguration;
			baseConfigurationReference = F9E18AD4CDCF4A4225ED46E3 /* Pods-DriveArmor.debug.xcconfig */;
			buildSettings = {
				ASSETCATALOG_COMPILER_APPICON_NAME = AppIcon;
				CODE_SIGN_ENTITLEMENTS = DriveArmor/DriveArmor.entitlements;
				CODE_SIGN_STYLE = Automatic;
				CURRENT_PROJECT_VERSION = 1;
				GENERATE_INFOPLIST_FILE = NO;
				INFOPLIST_FILE = DriveArmor/Resources/Info.plist;
				IPHONEOS_DEPLOYMENT_TARGET = 17.0;
				LD_RUNPATH_SEARCH_PATHS = (
					"$(inherited)",
					"@executable_path/Frameworks",
				);
				MARKETING_VERSION = 1.0.0;
				PRODUCT_BUNDLE_IDENTIFIER = com.elite360.DriveArmor;
				PRODUCT_NAME = "$(TARGET_NAME)";
				SWIFT_VERSION = 5.0;
				TARGETED_DEVICE_FAMILY = "1,2";
			};
			name = Debug;
		};
/* End XCBuildConfiguration section */

/* Begin XCConfigurationList section */
		938997E94E15DD5CF3243B0D /* Build configuration list for PBXNativeTarget "DriveArmorTests" */ = {
			isa = XCConfigurationList;
			buildConfigurations = (
				000593AED66FD869DC09DDA1 /* Debug */,
				186E3C741D4442FE7542718A /* Release */,
			);
			defaultConfigurationIsVisible = 0;
			defaultConfigurationName = Release;
		};
		C09F95D15E38CC69A6674673 /* Build configuration list for PBXNativeTarget "DriveArmor" */ = {
			isa = XCConfigurationList;
			buildConfigurations = (
				E46D84BDF8F7BB0E77A93432 /* Debug */,
				810644186E5F2A6D452F0DA1 /* Release */,
			);
			defaultConfigurationIsVisible = 0;
			defaultConfigurationName = Release;
		};
		FE422E61AE992D05BC2E14C2 /* Build configuration list for PBXProject "DriveArmor" */ = {
			isa = XCConfigurationList;
			buildConfigurations = (
				D3F7E1332B6B89CC946A9F6B /* Debug */,
				5679C1072468440DCC0739C8 /* Release */,
			);
			defaultConfigurationIsVisible = 0;
			defaultConfigurationName = Release;
		};
/* End XCConfigurationList section */
	};
	rootObject = 5299AC4324DC18342A8CCD96 /* Project object */;
}
